
Microsoft Visual Studio Solution File, Format Version 12.00
# Visual Studio Version 16
VisualStudioVersion = 16.0.31410.357
MinimumVisualStudioVersion = 10.0.40219.1
Project("{FAE04EC0-301F-11D3-BF4B-00C04F79EFBC}") = "Summarize Text", "Summarize Text\Summarize Text.csproj", "{FC5D3483-CB05-480B-85EA-5FE8F94A96EA}"
EndProject
Global
	GlobalSection(SolutionConfigurationPlatforms) = preSolution
		Debug|Any CPU = Debug|Any CPU
		Release|Any CPU = Release|Any CPU
	EndGlobalSection
	GlobalSection(ProjectConfigurationPlatforms) = postSolution
		{FC5D3483-CB05-480B-85EA-5FE8F94A96EA}.Debug|Any CPU.ActiveCfg = Debug|Any CPU
		{FC5D3483-CB05-480B-85EA-5FE8F94A96EA}.Debug|Any CPU.Build.0 = Debug|Any CPU
		{FC5D3483-CB05-480B-85EA-5FE8F94A96EA}.Release|Any CPU.ActiveCfg = Release|Any CPU
		{FC5D3483-CB05-480B-85EA-5FE8F94A96EA}.Release|Any CPU.Build.0 = Release|Any CPU
	EndGlobalSection
	GlobalSection(SolutionProperties) = preSolution
		HideSolutionNode = FALSE
	EndGlobalSection
	GlobalSection(ExtensibilityGlobals) = postSolution
		SolutionGuid = {E77B0A93-936E-473A-A711-02D45F4AAD23}
	EndGlobalSection
EndGlobal
